
Microsoft Visual Studio Solution File, Format Version 12.00
# Visual Studio Version 17
VisualStudioVersion = 17.8.34330.188
MinimumVisualStudioVersion = 10.0.40219.1
Project("{FAE04EC0-301F-11D3-BF4B-00C04F79EFBC}") = "Jogo Da Velha", "Jogo Da Velha\Jogo Da Velha.csproj", "{63921F39-D80E-43AC-B5A5-4F88A891BD23}"
EndProject
Global
	GlobalSection(SolutionConfigurationPlatforms) = preSolution
		Debug|Any CPU = Debug|Any CPU
		Release|Any CPU = Release|Any CPU
	EndGlobalSection
	GlobalSection(ProjectConfigurationPlatforms) = postSolution
		{63921F39-D80E-43AC-B5A5-4F88A891BD23}.Debug|Any CPU.ActiveCfg = Debug|Any CPU
		{63921F39-D80E-43AC-B5A5-4F88A891BD23}.Debug|Any CPU.Build.0 = Debug|Any CPU
		{63921F39-D80E-43AC-B5A5-4F88A891BD23}.Release|Any CPU.ActiveCfg = Release|Any CPU
		{63921F39-D80E-43AC-B5A5-4F88A891BD23}.Release|Any CPU.Build.0 = Release|Any CPU
	EndGlobalSection
	GlobalSection(SolutionProperties) = preSolution
		HideSolutionNode = FALSE
	EndGlobalSection
	GlobalSection(ExtensibilityGlobals) = postSolution
		SolutionGuid = {28CA41F0-4364-4092-87D2-4AA9FFA967AA}
	EndGlobalSection
EndGlobal
